// !$*UTF8*$!
{
	archiveVersion = 1;
	classes = {
	};
	objectVersion = 46;
	objects = {

/* Begin PBXBuildFile section */
		E7690C0E1E4D51A9008ED5FD /* main.m in Sources */ = {isa = PBXBuildFile; fileRef = E7690C0D1E4D51A9008ED5FD /* main.m */; };
		E7690C111E4D51A9008ED5FD /* AppDelegate.m in Sources */ = {isa = PBXBuildFile; fileRef = E7690C101E4D51A9008ED5FD /* AppDelegate.m */; };
		E7690C141E4D51A9008ED5FD /* ViewController.m in Sources */ = {isa = PBXBuildFile; fileRef = E7690C131E4D51A9008ED5FD /* ViewController.m */; };
		E7690C171E4D51A9008ED5FD /* Main.storyboard in Resources */ = {isa = PBXBuildFile; fileRef = E7690C151E4D51A9008ED5FD /* Main.storyboard */; };
		E7690C191E4D51A9008ED5FD /* Assets.xcassets in Resources */ = {isa = PBXBuildFile; fileRef = E7690C181E4D51A9008ED5FD /* Assets.xcassets */; };
		E7690C1C1E4D51A9008ED5FD /* LaunchScreen.storyboard in Resources */ = {isa = PBXBuildFile; fileRef = E7690C1A1E4D51A9008ED5FD /* LaunchScreen.storyboard */; };
		E7690C271E4D51A9008ED5FD /* LabeledActivityIndicatorViewTests.m in Sources */ = {isa = PBXBuildFile; fileRef = E7690C261E4D51A9008ED5FD /* LabeledActivityIndicatorViewTests.m */; };
		E7690C321E4D51A9008ED5FD /* LabeledActivityIndicatorViewUITests.m in Sources */ = {isa = PBXBuildFile; fileRef = E7690C311E4D51A9008ED5FD /* LabeledActivityIndicatorViewUITests.m */; };
		E7690C421E4D51F3008ED5FD /* LabeledActivityIndicatorView.m in Sources */ = {isa = PBXBuildFile; fileRef = E7690C401E4D51F3008ED5FD /* LabeledActivityIndicatorView.m */; };
		E7690C431E4D51F3008ED5FD /* success.png in Resources */ = {isa = PBXBuildFile; fileRef = E7690C411E4D51F3008ED5FD /* success.png */; };
/* End PBXBuildFile section */

/* Begin PBXContainerItemProxy section */
		E7690C231E4D51A9008ED5FD /* PBXContainerItemProxy */ = {
			isa = PBXContainerItemProxy;
			containerPortal = E7690C011E4D51A9008ED5FD /* Project object */;
			proxyType = 1;
			remoteGlobalIDString = E7690C081E4D51A9008ED5FD;
			remoteInfo = LabeledActivityIndicatorView;
		};
		E7690C2E1E4D51A9008ED5FD /* PBXContainerItemProxy */ = {
			isa = PBXContainerItemProxy;
			containerPortal = E7690C011E4D51A9008ED5FD /* Project object */;
			proxyType = 1;
			remoteGlobalIDString = E7690C081E4D51A9008ED5FD;
			remoteInfo = LabeledActivityIndicatorView;
		};
/* End PBXContainerItemProxy section */

/* Begin PBXFileReference section */
		E7690C091E4D51A9008ED5FD /* LabeledActivityIndicatorView.app */ = {isa = PBXFileReference; explicitFileType = wrapper.application; includeInIndex = 0; path = LabeledActivityIndicatorView.app; sourceTree = BUILT_PRODUCTS_DIR; };
		E7690C0D1E4D51A9008ED5FD /* main.m */ = {isa = PBXFileReference; lastKnownFileType = sourcecode.c.objc; path = main.m; sourceTree = "<group>"; };
		E7690C0F1E4D51A9008ED5FD /* AppDelegate.h */ = {isa = PBXFileReference; lastKnownFileType = sourcecode.c.h; path = AppDelegate.h; sourceTree = "<group>"; };
		E7690C101E4D51A9008ED5FD /* AppDelegate.m */ = {isa = PBXFileReference; lastKnownFileType = sourcecode.c.objc; path = AppDelegate.m; sourceTree = "<group>"; };
		E7690C121E4D51A9008ED5FD /* ViewController.h */ = {isa = PBXFileReference; lastKnownFileType = sourcecode.c.h; path = ViewController.h; sourceTree = "<group>"; };
		E7690C131E4D51A9008ED5FD /* ViewController.m */ = {isa = PBXFileReference; lastKnownFileType = sourcecode.c.objc; path = ViewController.m; sourceTree = "<group>"; };
		E7690C161E4D51A9008ED5FD /* Base */ = {isa = PBXFileReference; lastKnownFileType = file.storyboard; name = Base; path = Base.lproj/Main.storyboard; sourceTree = "<group>"; };
		E7690C181E4D51A9008ED5FD /* Assets.xcassets */ = {isa = PBXFileReference; lastKnownFileType = folder.assetcatalog; path = Assets.xcassets; sourceTree = "<group>"; };
		E7690C1B1E4D51A9008ED5FD /* Base */ = {isa = PBXFileReference; lastKnownFileType = file.storyboard; name = Base; path = Base.lproj/LaunchScreen.storyboard; sourceTree = "<group>"; };
		E7690C1D1E4D51A9008ED5FD /* Info.plist */ = {isa = PBXFileReference; lastKnownFileType = text.plist.xml; path = Info.plist; sourceTree = "<group>"; };
		E7690C221E4D51A9008ED5FD /* LabeledActivityIndicatorViewTests.xctest */ = {isa = PBXFileReference; explicitFileType = wrapper.cfbundle; includeInIndex = 0; path = LabeledActivityIndicatorViewTests.xctest; sourceTree = BUILT_PRODUCTS_DIR; };
		E7690C261E4D51A9008ED5FD /* LabeledActivityIndicatorViewTests.m */ = {isa = PBXFileReference; lastKnownFileType = sourcecode.c.objc; path = LabeledActivityIndicatorViewTests.m; sourceTree = "<group>"; };
		E7690C281E4D51A9008ED5FD /* Info.plist */ = {isa = PBXFileReference; lastKnownFileType = text.plist.xml; path = Info.plist; sourceTree = "<group>"; };
		E7690C2D1E4D51A9008ED5FD /* LabeledActivityIndicatorViewUITests.xctest */ = {isa = PBXFileReference; explicitFileType = wrapper.cfbundle; includeInIndex = 0; path = LabeledActivityIndicatorViewUITests.xctest; sourceTree = BUILT_PRODUCTS_DIR; };
		E7690C311E4D51A9008ED5FD /* LabeledActivityIndicatorViewUITests.m */ = {isa = PBXFileReference; lastKnownFileType = sourcecode.c.objc; path = LabeledActivityIndicatorViewUITests.m; sourceTree = "<group>"; };
		E7690C331E4D51A9008ED5FD /* Info.plist */ = {isa = PBXFileReference; lastKnownFileType = text.plist.xml; path = Info.plist; sourceTree = "<group>"; };
		E7690C3F1E4D51F3008ED5FD /* LabeledActivityIndicatorView.h */ = {isa = PBXFileReference; fileEncoding = 4; lastKnownFileType = sourcecode.c.h; path = LabeledActivityIndicatorView.h; sourceTree = "<group>"; };
		E7690C401E4D51F3008ED5FD /* LabeledActivityIndicatorView.m */ = {isa = PBXFileReference; fileEncoding = 4; lastKnownFileType = sourcecode.c.objc; path = LabeledActivityIndicatorView.m; sourceTree = "<group>"; };
		E7690C411E4D51F3008ED5FD /* success.png */ = {isa = PBXFileReference; lastKnownFileType = image.png; path = success.png; sourceTree = "<group>"; };
/* End PBXFileReference section */

/* Begin PBXFrameworksBuildPhase section */
		E7690C061E4D51A9008ED5FD /* Frameworks */ = {
			isa = PBXFrameworksBuildPhase;
			buildActionMask = 2147483647;
			files = (
			);
			runOnlyForDeploymentPostprocessing = 0;
		};
		E7690C1F1E4D51A9008ED5FD /* Frameworks */ = {
			isa = PBXFrameworksBuildPhase;
			buildActionMask = 2147483647;
			files = (
			);
			runOnlyForDeploymentPostprocessing = 0;
		};
		E7690C2A1E4D51A9008ED5FD /* Frameworks */ = {
			isa = PBXFrameworksBuildPhase;
			buildActionMask = 2147483647;
			files = (
			);
			runOnlyForDeploymentPostprocessing = 0;
		};
/* End PBXFrameworksBuildPhase section */

/* Begin PBXGroup section */
		E7690C001E4D51A9008ED5FD = {
			isa = PBXGroup;
			children = (
				E7690C0B1E4D51A9008ED5FD /* LabeledActivityIndicatorView */,
				E7690C251E4D51A9008ED5FD /* LabeledActivityIndicatorViewTests */,
				E7690C301E4D51A9008ED5FD /* LabeledActivityIndicatorViewUITests */,
				E7690C0A1E4D51A9008ED5FD /* Products */,
			);
			sourceTree = "<group>";
		};
		E7690C0A1E4D51A9008ED5FD /* Products */ = {
			isa = PBXGroup;
			children = (
				E7690C091E4D51A9008ED5FD /* LabeledActivityIndicatorView.app */,
				E7690C221E4D51A9008ED5FD /* LabeledActivityIndicatorViewTests.xctest */,
				E7690C2D1E4D51A9008ED5FD /* LabeledActivityIndicatorViewUITests.xctest */,
			);
			name = Products;
			sourceTree = "<group>";
		};
		E7690C0B1E4D51A9008ED5FD /* LabeledActivityIndicatorView */ = {
			isa = PBXGroup;
			children = (
				E7690C0F1E4D51A9008ED5FD /* AppDelegate.h */,
				E7690C101E4D51A9008ED5FD /* AppDelegate.m */,
				E7690C121E4D51A9008ED5FD /* ViewController.h */,
				E7690C131E4D51A9008ED5FD /* ViewController.m */,
				E7690C3F1E4D51F3008ED5FD /* LabeledActivityIndicatorView.h */,
				E7690C401E4D51F3008ED5FD /* LabeledActivityIndicatorView.m */,
				E7690C411E4D51F3008ED5FD /* success.png */,
				E7690C0C1E4D51A9008ED5FD /* Supporting Files */,
			);
			path = LabeledActivityIndicatorView;
			sourceTree = "<group>";
		};
		E7690C0C1E4D51A9008ED5FD /* Supporting Files */ = {
			isa = PBXGroup;
			children = (
				E7690C151E4D51A9008ED5FD /* Main.storyboard */,
				E7690C181E4D51A9008ED5FD /* Assets.xcassets */,
				E7690C1A1E4D51A9008ED5FD /* LaunchScreen.storyboard */,
				E7690C1D1E4D51A9008ED5FD /* Info.plist */,
				E7690C0D1E4D51A9008ED5FD /* main.m */,
			);
			name = "Supporting Files";
			sourceTree = "<group>";
		};
		E7690C251E4D51A9008ED5FD /* LabeledActivityIndicatorViewTests */ = {
			isa = PBXGroup;
			children = (
				E7690C261E4D51A9008ED5FD /* LabeledActivityIndicatorViewTests.m */,
				E7690C281E4D51A9008ED5FD /* Info.plist */,
			);
			path = LabeledActivityIndicatorViewTests;
			sourceTree = "<group>";
		};
		E7690C301E4D51A9008ED5FD /* LabeledActivityIndicatorViewUITests */ = {
			isa = PBXGroup;
			children = (
				E7690C311E4D51A9008ED5FD /* LabeledActivityIndicatorViewUITests.m */,
				E7690C331E4D51A9008ED5FD /* Info.plist */,
			);
			path = LabeledActivityIndicatorViewUITests;
			sourceTree = "<group>";
		};
/* End PBXGroup section */

/* Begin PBXNativeTarget section */
		E7690C081E4D51A9008ED5FD /* LabeledActivityIndicatorView */ = {
			isa = PBXNativeTarget;
			buildConfigurationList = E7690C361E4D51A9008ED5FD /* Build configuration list for PBXNativeTarget "LabeledActivityIndicatorView" */;
			buildPhases = (
				E7690C051E4D51A9008ED5FD /* Sources */,
				E7690C061E4D51A9008ED5FD /* Frameworks */,
				E7690C071E4D51A9008ED5FD /* Resources */,
			);
			buildRules = (
			);
			dependencies = (
			);
			name = LabeledActivityIndicatorView;
			productName = LabeledActivityIndicatorView;
			productReference = E7690C091E4D51A9008ED5FD /* LabeledActivityIndicatorView.app */;
			productType = "com.apple.product-type.application";
		};
		E7690C211E4D51A9008ED5FD /* LabeledActivityIndicatorViewTests */ = {
			isa = PBXNativeTarget;
			buildConfigurationList = E7690C391E4D51A9008ED5FD /* Build configuration list for PBXNativeTarget "LabeledActivityIndicatorViewTests" */;
			buildPhases = (
				E7690C1E1E4D51A9008ED5FD /* Sources */,
				E7690C1F1E4D51A9008ED5FD /* Frameworks */,
				E7690C201E4D51A9008ED5FD /* Resources */,
			);
			buildRules = (
			);
			dependencies = (
				E7690C241E4D51A9008ED5FD /* PBXTargetDependency */,
			);
			name = LabeledActivityIndicatorViewTests;
			productName = LabeledActivityIndicatorViewTests;
			productReference = E7690C221E4D51A9008ED5FD /* LabeledActivityIndicatorViewTests.xctest */;
			productType = "com.apple.product-type.bundle.unit-test";
		};
		E7690C2C1E4D51A9008ED5FD /* LabeledActivityIndicatorViewUITests */ = {
			isa = PBXNativeTarget;
			buildConfigurationList = E7690C3C1E4D51A9008ED5FD /* Build configuration list for PBXNativeTarget "LabeledActivityIndicatorViewUITests" */;
			buildPhases = (
				E7690C291E4D51A9008ED5FD /* Sources */,
				E7690C2A1E4D51A9008ED5FD /* Frameworks */,
				E7690C2B1E4D51A9008ED5FD /* Resources */,
			);
			buildRules = (
			);
			dependencies = (
				E7690C2F1E4D51A9008ED5FD /* PBXTargetDependency */,
			);
			name = LabeledActivityIndicatorViewUITests;
			productName = LabeledActivityIndicatorViewUITests;
			productReference = E7690C2D1E4D51A9008ED5FD /* LabeledActivityIndicatorViewUITests.xctest */;
			productType = "com.apple.product-type.bundle.ui-testing";
		};
/* End PBXNativeTarget section */

/* Begin PBXProject section */
		E7690C011E4D51A9008ED5FD /* Project object */ = {
			isa = PBXProject;
			attributes = {
				LastUpgradeCheck = 0820;
				ORGANIZATIONNAME = Camoufleur;
				TargetAttributes = {
					E7690C081E4D51A9008ED5FD = {
						CreatedOnToolsVersion = 8.2.1;
						DevelopmentTeam = PD6XKMBLMC;
						ProvisioningStyle = Automatic;
					};
					E7690C211E4D51A9008ED5FD = {
						CreatedOnToolsVersion = 8.2.1;
						DevelopmentTeam = PD6XKMBLMC;
						ProvisioningStyle = Automatic;
						TestTargetID = E7690C081E4D51A9008ED5FD;
					};
					E7690C2C1E4D51A9008ED5FD = {
						CreatedOnToolsVersion = 8.2.1;
						DevelopmentTeam = PD6XKMBLMC;
						ProvisioningStyle = Automatic;
						TestTargetID = E7690C081E4D51A9008ED5FD;
					};
				};
			};
			buildConfigurationList = E7690C041E4D51A9008ED5FD /* Build configuration list for PBXProject "LabeledActivityIndicatorView" */;
			compatibilityVersion = "Xcode 3.2";
			developmentRegion = English;
			hasScannedForEncodings = 0;
			knownRegions = (
				en,
				Base,
			);
			mainGroup = E7690C001E4D51A9008ED5FD;
			productRefGroup = E7690C0A1E4D51A9008ED5FD /* Products */;
			projectDirPath = "";
			projectRoot = "";
			targets = (
				E7690C081E4D51A9008ED5FD /* LabeledActivityIndicatorView */,
				E7690C211E4D51A9008ED5FD /* LabeledActivityIndicatorViewTests */,
				E7690C2C1E4D51A9008ED5FD /* LabeledActivityIndicatorViewUITests */,
			);
		};
/* End PBXProject section */

/* Begin PBXResourcesBuildPhase section */
		E7690C071E4D51A9008ED5FD /* Resources */ = {
			isa = PBXResourcesBuildPhase;
			buildActionMask = 2147483647;
			files = (
				E7690C1C1E4D51A9008ED5FD /* LaunchScreen.storyboard in Resources */,
				E7690C191E4D51A9008ED5FD /* Assets.xcassets in Resources */,
				E7690C171E4D51A9008ED5FD /* Main.storyboard in Resources */,
				E7690C431E4D51F3008ED5FD /* success.png in Resources */,
			);
			runOnlyForDeploymentPostprocessing = 0;
		};
		E7690C201E4D51A9008ED5FD /* Resources */ = {
			isa = PBXResourcesBuildPhase;
			buildActionMask = 2147483647;
			files = (
			);
			runOnlyForDeploymentPostprocessing = 0;
		};
		E7690C2B1E4D51A9008ED5FD /* Resources */ = {
			isa = PBXResourcesBuildPhase;
			buildActionMask = 2147483647;
			files = (
			);
			runOnlyForDeploymentPostprocessing = 0;
		};
/* End PBXResourcesBuildPhase section */

/* Begin PBXSourcesBuildPhase section */
		E7690C051E4D51A9008ED5FD /* Sources */ = {
			isa = PBXSourcesBuildPhase;
			buildActionMask = 2147483647;
			files = (
				E7690C141E4D51A9008ED5FD /* ViewController.m in Sources */,
				E7690C111E4D51A9008ED5FD /* AppDelegate.m in Sources */,
				E7690C0E1E4D51A9008ED5FD /* main.m in Sources */,
				E7690C421E4D51F3008ED5FD /* LabeledActivityIndicatorView.m in Sources */,
			);
			runOnlyForDeploymentPostprocessing = 0;
		};
		E7690C1E1E4D51A9008ED5FD /* Sources */ = {
			isa = PBXSourcesBuildPhase;
			buildActionMask = 2147483647;
			files = (
				E7690C271E4D51A9008ED5FD /* LabeledActivityIndicatorViewTests.m in Sources */,
			);
			runOnlyForDeploymentPostprocessing = 0;
		};
		E7690C291E4D51A9008ED5FD /* Sources */ = {
			isa = PBXSourcesBuildPhase;
			buildActionMask = 2147483647;
			files = (
				E7690C321E4D51A9008ED5FD /* LabeledActivityIndicatorViewUITests.m in Sources */,
			);
			runOnlyForDeploymentPostprocessing = 0;
		};
/* End PBXSourcesBuildPhase section */

/* Begin PBXTargetDependency section */
		E7690C241E4D51A9008ED5FD /* PBXTargetDependency */ = {
			isa = PBXTargetDependency;
			target = E7690C081E4D51A9008ED5FD /* LabeledActivityIndicatorView */;
			targetProxy = E7690C231E4D51A9008ED5FD /* PBXContainerItemProxy */;
		};
		E7690C2F1E4D51A9008ED5FD /* PBXTargetDependency */ = {
			isa = PBXTargetDependency;
			target = E7690C081E4D51A9008ED5FD /* LabeledActivityIndicatorView */;
			targetProxy = E7690C2E1E4D51A9008ED5FD /* PBXContainerItemProxy */;
		};
/* End PBXTargetDependency section */

/* Begin PBXVariantGroup section */
		E7690C151E4D51A9008ED5FD /* Main.storyboard */ = {
			isa = PBXVariantGroup;
			children = (
				E7690C161E4D51A9008ED5FD /* Base */,
			);
			name = Main.storyboard;
			sourceTree = "<group>";
		};
		E7690C1A1E4D51A9008ED5FD /* LaunchScreen.storyboard */ = {
			isa = PBXVariantGroup;
			children = (
				E7690C1B1E4D51A9008ED5FD /* Base */,
			);
			name = LaunchScreen.storyboard;
			sourceTree = "<group>";
		};
/* End PBXVariantGroup section */

/* Begin XCBuildConfiguration section */
		E7690C341E4D51A9008ED5FD /* Debug */ = {
			isa = XCBuildConfiguration;
			buildSettings = {
				ALWAYS_SEARCH_USER_PATHS = NO;
				CLANG_ANALYZER_NONNULL = YES;
				CLANG_CXX_LANGUAGE_STANDARD = "gnu++0x";
				CLANG_CXX_LIBRARY = "libc++";
				CLANG_ENABLE_MODULES = YES;
				CLANG_ENABLE_OBJC_ARC = YES;
				CLANG_WARN_BOOL_CONVERSION = YES;
				CLANG_WARN_CONSTANT_CONVERSION = YES;
				CLANG_WARN_DIRECT_OBJC_ISA_USAGE = YES_ERROR;
				CLANG_WARN_DOCUMENTATION_COMMENTS = YES;
				CLANG_WARN_EMPTY_BODY = YES;
				CLANG_WARN_ENUM_CONVERSION = YES;
				CLANG_WARN_INFINITE_RECURSION = YES;
				CLANG_WARN_INT_CONVERSION = YES;
				CLANG_WARN_OBJC_ROOT_CLASS = YES_ERROR;
				CLANG_WARN_SUSPICIOUS_MOVE = YES;
				CLANG_WARN_UNREACHABLE_CODE = YES;
				CLANG_WARN__DUPLICATE_METHOD_MATCH = YES;
				"CODE_SIGN_IDENTITY[sdk=iphoneos*]" = "iPhone Developer";
				COPY_PHASE_STRIP = NO;
				DEBUG_INFORMATION_FORMAT = dwarf;
				ENABLE_STRICT_OBJC_MSGSEND = YES;
				ENABLE_TESTABILITY = YES;
				GCC_C_LANGUAGE_STANDARD = gnu99;
				GCC_DYNAMIC_NO_PIC = NO;
				GCC_NO_COMMON_BLOCKS = YES;
				GCC_OPTIMIZATION_LEVEL = 0;
				GCC_PREPROCESSOR_DEFINITIONS = (
					"DEBUG=1",
					"$(inherited)",
				);
				GCC_WARN_64_TO_32_BIT_CONVERSION = YES;
				GCC_WARN_ABOUT_RETURN_TYPE = YES_ERROR;
				GCC_WARN_UNDECLARED_SELECTOR = YES;
				GCC_WARN_UNINITIALIZED_AUTOS = YES_AGGRESSIVE;
				GCC_WARN_UNUSED_FUNCTION = YES;
				GCC_WARN_UNUSED_VARIABLE = YES;
				IPHONEOS_DEPLOYMENT_TARGET = 10.2;
				MTL_ENABLE_DEBUG_INFO = YES;
				ONLY_ACTIVE_ARCH = YES;
				SDKROOT = iphoneos;
				TARGETED_DEVICE_FAMILY = "1,2";
			};
			name = Debug;
		};
		E7690C351E4D51A9008ED5FD /* Release */ = {
			isa = XCBuildConfiguration;
			buildSettings = {
				ALWAYS_SEARCH_USER_PATHS = NO;
				CLANG_ANALYZER_NONNULL = YES;
				CLANG_CXX_LANGUAGE_STANDARD = "gnu++0x";
				CLANG_CXX_LIBRARY = "libc++";
				CLANG_ENABLE_MODULES = YES;
				CLANG_ENABLE_OBJC_ARC = YES;
				CLANG_WARN_BOOL_CONVERSION = YES;
				CLANG_WARN_CONSTANT_CONVERSION = YES;
				CLANG_WARN_DIRECT_OBJC_ISA_USAGE = YES_ERROR;
				CLANG_WARN_DOCUMENTATION_COMMENTS = YES;
				CLANG_WARN_EMPTY_BODY = YES;
				CLANG_WARN_ENUM_CONVERSION = YES;
				CLANG_WARN_INFINITE_RECURSION = YES;
				CLANG_WARN_INT_CONVERSION = YES;
				CLANG_WARN_OBJC_ROOT_CLASS = YES_ERROR;
				CLANG_WARN_SUSPICIOUS_MOVE = YES;
				CLANG_WARN_UNREACHABLE_CODE = YES;
				CLANG_WARN__DUPLICATE_METHOD_MATCH = YES;
				"CODE_SIGN_IDENTITY[sdk=iphoneos*]" = "iPhone Developer";
				COPY_PHASE_STRIP = NO;
				DEBUG_INFORMATION_FORMAT = "dwarf-with-dsym";
				ENABLE_NS_ASSERTIONS = NO;
				ENABLE_STRICT_OBJC_MSGSEND = YES;
				GCC_C_LANGUAGE_STANDARD = gnu99;
				GCC_NO_COMMON_BLOCKS = YES;
				GCC_WARN_64_TO_32_BIT_CONVERSION = YES;
				GCC_WARN_ABOUT_RETURN_TYPE = YES_ERROR;
				GCC_WARN_UNDECLARED_SELECTOR = YES;
				GCC_WARN_UNINITIALIZED_AUTOS = YES_AGGRESSIVE;
				GCC_WARN_UNUSED_FUNCTION = YES;
				GCC_WARN_UNUSED_VARIABLE = YES;
				IPHONEOS_DEPLOYMENT_TARGET = 10.2;
				MTL_ENABLE_DEBUG_INFO = NO;
				SDKROOT = iphoneos;
				TARGETED_DEVICE_FAMILY = "1,2";
				VALIDATE_PRODUCT = YES;
			};
			name = Release;
		};
		E7690C371E4D51A9008ED5FD /* Debug */ = {
			isa = XCBuildConfiguration;
			buildSettings = {
				ASSETCATALOG_COMPILER_APPICON_NAME = AppIcon;
				DEVELOPMENT_TEAM = PD6XKMBLMC;
				INFOPLIST_FILE = LabeledActivityIndicatorView/Info.plist;
				LD_RUNPATH_SEARCH_PATHS = "$(inherited) @executable_path/Frameworks";
				PRODUCT_BUNDLE_IDENTIFIER = com.camoufleur.LabeledActivityIndicatorView;
				PRODUCT_NAME = "$(TARGET_NAME)";
			};
			name = Debug;
		};
		E7690C381E4D51A9008ED5FD /* Release */ = {
			isa = XCBuildConfiguration;
			buildSettings = {
				ASSETCATALOG_COMPILER_APPICON_NAME = AppIcon;
				DEVELOPMENT_TEAM = PD6XKMBLMC;
				INFOPLIST_FILE = LabeledActivityIndicatorView/Info.plist;
				LD_RUNPATH_SEARCH_PATHS = "$(inherited) @executable_path/Frameworks";
				PRODUCT_BUNDLE_IDENTIFIER = com.camoufleur.LabeledActivityIndicatorView;
				PRODUCT_NAME = "$(TARGET_NAME)";
			};
			name = Release;
		};
		E7690C3A1E4D51A9008ED5FD /* Debug */ = {
			isa = XCBuildConfiguration;
			buildSettings = {
				BUNDLE_LOADER = "$(TEST_HOST)";
				DEVELOPMENT_TEAM = PD6XKMBLMC;
				INFOPLIST_FILE = LabeledActivityIndicatorViewTests/Info.plist;
				LD_RUNPATH_SEARCH_PATHS = "$(inherited) @executable_path/Frameworks @loader_path/Frameworks";
				PRODUCT_BUNDLE_IDENTIFIER = com.camoufleur.LabeledActivityIndicatorViewTests;
				PRODUCT_NAME = "$(TARGET_NAME)";
				TEST_HOST = "$(BUILT_PRODUCTS_DIR)/LabeledActivityIndicatorView.app/LabeledActivityIndicatorView";
			};
			name = Debug;
		};
		E7690C3B1E4D51A9008ED5FD /* Release */ = {
			isa = XCBuildConfiguration;
			buildSettings = {
				BUNDLE_LOADER = "$(TEST_HOST)";
				DEVELOPMENT_TEAM = PD6XKMBLMC;
				INFOPLIST_FILE = LabeledActivityIndicatorViewTests/Info.plist;
				LD_RUNPATH_SEARCH_PATHS = "$(inherited) @executable_path/Frameworks @loader_path/Frameworks";
				PRODUCT_BUNDLE_IDENTIFIER = com.camoufleur.LabeledActivityIndicatorViewTests;
				PRODUCT_NAME = "$(TARGET_NAME)";
				TEST_HOST = "$(BUILT_PRODUCTS_DIR)/LabeledActivityIndicatorView.app/LabeledActivityIndicatorView";
			};
			name = Release;
		};
		E7690C3D1E4D51A9008ED5FD /* Debug */ = {
			isa = XCBuildConfiguration;
			buildSettings = {
				DEVELOPMENT_TEAM = PD6XKMBLMC;
				INFOPLIST_FILE = LabeledActivityIndicatorViewUITests/Info.plist;
				LD_RUNPATH_SEARCH_PATHS = "$(inherited) @executable_path/Frameworks @loader_path/Frameworks";
				PRODUCT_BUNDLE_IDENTIFIER = com.camoufleur.LabeledActivityIndicatorViewUITests;
				PRODUCT_NAME = "$(TARGET_NAME)";
				TEST_TARGET_NAME = LabeledActivityIndicatorView;
			};
			name = Debug;
		};
		E7690C3E1E4D51A9008ED5FD /* Release */ = {
			isa = XCBuildConfiguration;
			buildSettings = {
				DEVELOPMENT_TEAM = PD6XKMBLMC;
				INFOPLIST_FILE = LabeledActivityIndicatorViewUITests/Info.plist;
				LD_RUNPATH_SEARCH_PATHS = "$(inherited) @executable_path/Frameworks @loader_path/Frameworks";
				PRODUCT_BUNDLE_IDENTIFIER = com.camoufleur.LabeledActivityIndicatorViewUITests;
				PRODUCT_NAME = "$(TARGET_NAME)";
				TEST_TARGET_NAME = LabeledActivityIndicatorView;
			};
			name = Release;
		};
/* End XCBuildConfiguration section */

/* Begin XCConfigurationList section */
		E7690C041E4D51A9008ED5FD /* Build configuration list for PBXProject "LabeledActivityIndicatorView" */ = {
			isa = XCConfigurationList;
			buildConfigurations = (
				E7690C341E4D51A9008ED5FD /* Debug */,
				E7690C351E4D51A9008ED5FD /* Release */,
			);
			defaultConfigurationIsVisible = 0;
			defaultConfigurationName = Release;
		};
		E7690C361E4D51A9008ED5FD /* Build configuration list for PBXNativeTarget "LabeledActivityIndicatorView" */ = {
			isa = XCConfigurationList;
			buildConfigurations = (
				E7690C371E4D51A9008ED5FD /* Debug */,
				E7690C381E4D51A9008ED5FD /* Release */,
			);
			defaultConfigurationIsVisible = 0;
		};
		E7690C391E4D51A9008ED5FD /* Build configuration list for PBXNativeTarget "LabeledActivityIndicatorViewTests" */ = {
			isa = XCConfigurationList;
			buildConfigurations = (
				E7690C3A1E4D51A9008ED5FD /* Debug */,
				E7690C3B1E4D51A9008ED5FD /* Release */,
			);
			defaultConfigurationIsVisible = 0;
		};
		E7690C3C1E4D51A9008ED5FD /* Build configuration list for PBXNativeTarget "LabeledActivityIndicatorViewUITests" */ = {
			isa = XCConfigurationList;
			buildConfigurations = (
				E7690C3D1E4D51A9008ED5FD /* Debug */,
				E7690C3E1E4D51A9008ED5FD /* Release */,
			);
			defaultConfigurationIsVisible = 0;
		};
/* End XCConfigurationList section */
	};
	rootObject = E7690C011E4D51A9008ED5FD /* Project object */;
}
